<?xml version="1.0" encoding="utf-8"?>
<Project ToolsVersion="4.0" xmlns="http://schemas.microsoft.com/developer/msbuild/2003">
  <ItemGroup>
    <Filter Include="源文件">
      <UniqueIdentifier>{4FC737F1-C7A5-4376-A066-2A32D752A2FF}</UniqueIdentifier>
      <Extensions>cpp;c;cc;cxx;def;odl;idl;hpj;bat;asm;asmx</Extensions>
    </Filter>
    <Filter Include="头文件">
      <UniqueIdentifier>{93995380-89BD-4b04-88EB-625FBE52EBFB}</UniqueIdentifier>
      <Extensions>h;hh;hpp;hxx;hm;inl;inc;xsd</Extensions>
    </Filter>
    <Filter Include="资源文件">
      <UniqueIdentifier>{67DA6AB6-F800-4c08-8B7A-83BB121AAD01}</UniqueIdentifier>
      <Extensions>rc;ico;cur;bmp;dlg;rc2;rct;bin;rgs;gif;jpg;jpeg;jpe;resx;tiff;tif;png;wav;mfcribbon-ms</Extensions>
    </Filter>
  </ItemGroup>
  <ItemGroup>
    <ClCompile Include="main.cpp">
      <Filter>源文件</Filter>
    </ClCompile>
    <ClCompile Include="chapter-01\1-03.cpp">
      <Filter>源文件</Filter>
    </ClCompile>
    <ClCompile Include="chapter-01\1-04.cpp">
      <Filter>源文件</Filter>
    </ClCompile>
    <ClCompile Include="chapter-01\1-05.cpp">
      <Filter>源文件</Filter>
    </ClCompile>
    <ClCompile Include="chapter-01\1-09.cpp">
      <Filter>源文件</Filter>
    </ClCompile>
    <ClCompile Include="chapter-01\1-10.cpp">
      <Filter>源文件</Filter>
    </ClCompile>
    <ClCompile Include="chapter-01\1-11.cpp">
      <Filter>源文件</Filter>
    </ClCompile>
    <ClCompile Include="chapter-01\1-13.cpp">
      <Filter>源文件</Filter>
    </ClCompile>
    <ClCompile Include="chapter-01\1-16.cpp">
      <Filter>源文件</Filter>
    </ClCompile>
    <ClCompile Include="chapter-01\1-18.cpp">
      <Filter>源文件</Filter>
    </ClCompile>
    <ClCompile Include="chapter-01\1-20.cpp">
      <Filter>源文件</Filter>
    </ClCompile>
    <ClCompile Include="chapter-01\1-21.cpp">
      <Filter>源文件</Filter>
    </ClCompile>
    <ClCompile Include="chapter-01\1-22.cpp">
      <Filter>源文件</Filter>
    </ClCompile>
    <ClCompile Include="chapter-01\1-23.cpp">
      <Filter>源文件</Filter>
    </ClCompile>
    <ClCompile Include="chapter-01\1-25.cpp">
      <Filter>源文件</Filter>
    </ClCompile>
    <ClCompile Include="chapter-02\2-03.cpp">
      <Filter>源文件</Filter>
    </ClCompile>
    <ClCompile Include="chapter-08\8-01.cpp">
      <Filter>源文件</Filter>
    </ClCompile>
    <ClCompile Include="chapter-08\8-04.cpp">
      <Filter>源文件</Filter>
    </ClCompile>
    <ClCompile Include="chapter-08\8-05.cpp">
      <Filter>源文件</Filter>
    </ClCompile>
    <ClCompile Include="chapter-10\10-06.cpp">
      <Filter>源文件</Filter>
    </ClCompile>
    <ClCompile Include="chapter-10\10-07.cpp">
      <Filter>源文件</Filter>
    </ClCompile>
    <ClCompile Include="chapter-10\10-09.cpp">
      <Filter>源文件</Filter>
    </ClCompile>
    <ClCompile Include="chapter-10\10-11.cpp">
      <Filter>源文件</Filter>
    </ClCompile>
    <ClCompile Include="chapter-10\10-12.cpp">
      <Filter>源文件</Filter>
    </ClCompile>
    <ClCompile Include="chapter-10\10-13.cpp">
      <Filter>源文件</Filter>
    </ClCompile>
    <ClCompile Include="chapter-10\10-14.cpp">
      <Filter>源文件</Filter>
    </ClCompile>
    <ClCompile Include="chapter-10\10-15.cpp">
      <Filter>源文件</Filter>
    </ClCompile>
    <ClCompile Include="chapter-10\10-16.cpp">
      <Filter>源文件</Filter>
    </ClCompile>
    <ClCompile Include="chapter-10\10-17.cpp">
      <Filter>源文件</Filter>
    </ClCompile>
    <ClCompile Include="chapter-10\10-18.cpp">
      <Filter>源文件</Filter>
    </ClCompile>
    <ClCompile Include="chapter-10\10-19.cpp">
      <Filter>源文件</Filter>
    </ClCompile>
    <ClCompile Include="chapter-10\10-20.cpp">
      <Filter>源文件</Filter>
    </ClCompile>
    <ClCompile Include="chapter-10\10-21.cpp">
      <Filter>源文件</Filter>
    </ClCompile>
    <ClCompile Include="chapter-10\Test10.cpp">
      <Filter>源文件</Filter>
    </ClCompile>
    <ClCompile Include="chapter-01\Test01.cpp">
      <Filter>源文件</Filter>
    </ClCompile>
    <ClCompile Include="chapter-02\Test02.cpp">
      <Filter>源文件</Filter>
    </ClCompile>
    <ClCompile Include="chapter-08\Test08.cpp">
      <Filter>源文件</Filter>
    </ClCompile>
    <ClCompile Include="chapter-01\Sales_item.cpp">
      <Filter>源文件</Filter>
    </ClCompile>
    <ClCompile Include="chapter-10\10-22.cpp">
      <Filter>源文件</Filter>
    </ClCompile>
    <ClCompile Include="chapter-10\10-24.cpp">
      <Filter>源文件</Filter>
    </ClCompile>
    <ClCompile Include="chapter-10\10-25.cpp">
      <Filter>源文件</Filter>
    </ClCompile>
    <ClCompile Include="chapter-10\10-27.cpp">
      <Filter>源文件</Filter>
    </ClCompile>
    <ClCompile Include="chapter-10\10-28.cpp">
      <Filter>源文件</Filter>
    </ClCompile>
    <ClCompile Include="chapter-10\10-29.cpp">
      <Filter>源文件</Filter>
    </ClCompile>
    <ClCompile Include="chapter-10\10-30.cpp">
      <Filter>源文件</Filter>
    </ClCompile>
    <ClCompile Include="chapter-10\10-31.cpp">
      <Filter>源文件</Filter>
    </ClCompile>
    <ClCompile Include="chapter-10\10-32.cpp">
      <Filter>源文件</Filter>
    </ClCompile>
    <ClCompile Include="chapter-10\10-33.cpp">
      <Filter>源文件</Filter>
    </ClCompile>
    <ClCompile Include="chapter-10\10-34.cpp">
      <Filter>源文件</Filter>
    </ClCompile>
    <ClCompile Include="chapter-10\10-35.cpp">
      <Filter>源文件</Filter>
    </ClCompile>
    <ClCompile Include="chapter-10\10-36.cpp">
      <Filter>源文件</Filter>
    </ClCompile>
    <ClCompile Include="chapter-10\10-37.cpp">
      <Filter>源文件</Filter>
    </ClCompile>
    <ClCompile Include="chapter-10\10-42.cpp">
      <Filter>源文件</Filter>
    </ClCompile>
    <ClCompile Include="chapter-11\Test11.cpp">
      <Filter>源文件</Filter>
    </ClCompile>
    <ClCompile Include="chapter-11\11-01.cpp">
      <Filter>源文件</Filter>
    </ClCompile>
    <ClCompile Include="chapter-11\11-02.cpp">
      <Filter>源文件</Filter>
    </ClCompile>
    <ClCompile Include="chapter-11\11-03.cpp">
      <Filter>源文件</Filter>
    </ClCompile>
    <ClCompile Include="chapter-11\11-04.cpp">
      <Filter>源文件</Filter>
    </ClCompile>
    <ClCompile Include="chapter-11\11-07.cpp">
      <Filter>源文件</Filter>
    </ClCompile>
    <ClCompile Include="chapter-11\11-08.cpp">
      <Filter>源文件</Filter>
    </ClCompile>
    <ClCompile Include="chapter-11\11-12.cpp">
      <Filter>源文件</Filter>
    </ClCompile>
    <ClCompile Include="chapter-11\11-09.cpp">
      <Filter>源文件</Filter>
    </ClCompile>
    <ClCompile Include="chapter-02\2-08.cpp">
      <Filter>源文件</Filter>
    </ClCompile>
    <ClCompile Include="chapter-02\2-13.cpp">
      <Filter>源文件</Filter>
    </ClCompile>
    <ClCompile Include="chapter-02\2-14.cpp">
      <Filter>源文件</Filter>
    </ClCompile>
    <ClCompile Include="chapter-02\2-17.cpp">
      <Filter>源文件</Filter>
    </ClCompile>
  </ItemGroup>
  <ItemGroup>
    <ClInclude Include="chapter-01\Sales_item.h">
      <Filter>头文件</Filter>
    </ClInclude>
    <ClInclude Include="chapter-10\Test10.h">
      <Filter>头文件</Filter>
    </ClInclude>
    <ClInclude Include="chapter-01\Test01.h">
      <Filter>头文件</Filter>
    </ClInclude>
    <ClInclude Include="chapter-02\Test02.h">
      <Filter>头文件</Filter>
    </ClInclude>
    <ClInclude Include="chapter-08\Test08.h">
      <Filter>头文件</Filter>
    </ClInclude>
    <ClInclude Include="chapter-11\Test11.h">
      <Filter>头文件</Filter>
    </ClInclude>
  </ItemGroup>
  <ItemGroup>
    <None Include="chapter-01\README.md" />
    <None Include="chapter-02\README.md" />
    <None Include="chapter-08\README.md" />
    <None Include="chapter-02\2-05.rst" />
    <None Include="chapter-02\2-06.rst" />
    <None Include="chapter-02\2-07.rst" />
    <None Include="chapter-02\2-2-ATTENTION.md" />
    <None Include="chapter-02\2-1-ATTENTION.md" />
    <None Include="chapter-02\2-09.rst" />
    <None Include="chapter-02\2-10.rst" />
    <None Include="chapter-02\2-11.rst" />
    <None Include="chapter-02\2-12.rst" />
    <None Include="chapter-02\2-3-ATTENTION.md" />
    <None Include="chapter-02\2-15.rst" />
    <None Include="chapter-02\2-16.rst" />
    <None Include="chapter-02\2-4-ATTENTION.md" />
  </ItemGroup>
  <ItemGroup>
    <Text Include="chapter-08\1.txt" />
    <Text Include="chapter-08\2.txt" />
    <Text Include="chapter-10\10-26.txt" />
    <Text Include="chapter-10\1.txt" />
    <Text Include="chapter-01\1-06.txt" />
  </ItemGroup>
</Project>